
Microsoft Visual Studio Solution File, Format Version 12.00
# Visual Studio Version 17
VisualStudioVersion = 17.5.002.0
MinimumVisualStudioVersion = 10.0.40219.1
Project("{9A19103F-16F7-4668-BE54-9A1E7A4F7556}") = "Estacionamento", "Estacionamento.csproj", "{3A7CB084-7B6E-4FAA-8C87-5484822A79D7}"
EndProject
Global
	GlobalSection(SolutionConfigurationPlatforms) = preSolution
		Debug|Any CPU = Debug|Any CPU
		Release|Any CPU = Release|Any CPU
	EndGlobalSection
	GlobalSection(ProjectConfigurationPlatforms) = postSolution
		{3A7CB084-7B6E-4FAA-8C87-5484822A79D7}.Debug|Any CPU.ActiveCfg = Debug|Any CPU
		{3A7CB084-7B6E-4FAA-8C87-5484822A79D7}.Debug|Any CPU.Build.0 = Debug|Any CPU
		{3A7CB084-7B6E-4FAA-8C87-5484822A79D7}.Release|Any CPU.ActiveCfg = Release|Any CPU
		{3A7CB084-7B6E-4FAA-8C87-5484822A79D7}.Release|Any CPU.Build.0 = Release|Any CPU
	EndGlobalSection
	GlobalSection(SolutionProperties) = preSolution
		HideSolutionNode = FALSE
	EndGlobalSection
	GlobalSection(ExtensibilityGlobals) = postSolution
		SolutionGuid = {4FF0DFB2-F097-476D-BDF9-3C122F2CB3BF}
	EndGlobalSection
EndGlobal
